
Microsoft Visual Studio Solution File, Format Version 12.00
# Visual Studio Version 16
VisualStudioVersion = 16.0.29123.88
MinimumVisualStudioVersion = 15.0.26124.0
Project("{9A19103F-16F7-4668-BE54-9A1E7A4F7556}") = "MusicStore", "src\MusicStore\MusicStore.csproj", "{2F3C5E78-DC48-45D7-A236-9F7A5C795A10}"
EndProject
Project("{2150E333-8FDC-42A3-9474-1A3956D46DE8}") = "test", "test", "{FDFCA951-9553-4EFC-BB5F-F19D8DBF926C}"
EndProject
Project("{9A19103F-16F7-4668-BE54-9A1E7A4F7556}") = "MusicStore.Test", "test\MusicStore.Test\MusicStore.Test.csproj", "{6A41A012-A551-4432-8E62-67603F73F28C}"
EndProject
Project("{9A19103F-16F7-4668-BE54-9A1E7A4F7556}") = "MusicStore.E2ETests", "test\MusicStore.E2ETests\MusicStore.E2ETests.csproj", "{EE2533A3-8ADA-47F7-98D1-2518C7A30B9C}"
EndProject
Project("{FAE04EC0-301F-11D3-BF4B-00C04F79EFBC}") = "IntegrationTestWeb", "IntegrationTestWeb\IntegrationTestWeb.csproj", "{D96E448D-7DA7-46B3-BB9B-639E399ED27F}"
EndProject
Global
	GlobalSection(SolutionConfigurationPlatforms) = preSolution
		Debug|Any CPU = Debug|Any CPU
		Debug|x64 = Debug|x64
		Debug|x86 = Debug|x86
		Release|Any CPU = Release|Any CPU
		Release|x64 = Release|x64
		Release|x86 = Release|x86
	EndGlobalSection
	GlobalSection(ProjectConfigurationPlatforms) = postSolution
		{2F3C5E78-DC48-45D7-A236-9F7A5C795A10}.Debug|Any CPU.ActiveCfg = Debug|Any CPU
		{2F3C5E78-DC48-45D7-A236-9F7A5C795A10}.Debug|Any CPU.Build.0 = Debug|Any CPU
		{2F3C5E78-DC48-45D7-A236-9F7A5C795A10}.Debug|x64.ActiveCfg = Debug|Any CPU
		{2F3C5E78-DC48-45D7-A236-9F7A5C795A10}.Debug|x64.Build.0 = Debug|Any CPU
		{2F3C5E78-DC48-45D7-A236-9F7A5C795A10}.Debug|x86.ActiveCfg = Debug|Any CPU
		{2F3C5E78-DC48-45D7-A236-9F7A5C795A10}.Debug|x86.Build.0 = Debug|Any CPU
		{2F3C5E78-DC48-45D7-A236-9F7A5C795A10}.Release|Any CPU.ActiveCfg = Release|Any CPU
		{2F3C5E78-DC48-45D7-A236-9F7A5C795A10}.Release|Any CPU.Build.0 = Release|Any CPU
		{2F3C5E78-DC48-45D7-A236-9F7A5C795A10}.Release|x64.ActiveCfg = Release|Any CPU
		{2F3C5E78-DC48-45D7-A236-9F7A5C795A10}.Release|x64.Build.0 = Release|Any CPU
		{2F3C5E78-DC48-45D7-A236-9F7A5C795A10}.Release|x86.ActiveCfg = Release|Any CPU
		{2F3C5E78-DC48-45D7-A236-9F7A5C795A10}.Release|x86.Build.0 = Release|Any CPU
		{6A41A012-A551-4432-8E62-67603F73F28C}.Debug|Any CPU.ActiveCfg = Debug|Any CPU
		{6A41A012-A551-4432-8E62-67603F73F28C}.Debug|Any CPU.Build.0 = Debug|Any CPU
		{6A41A012-A551-4432-8E62-67603F73F28C}.Debug|x64.ActiveCfg = Debug|Any CPU
		{6A41A012-A551-4432-8E62-67603F73F28C}.Debug|x64.Build.0 = Debug|Any CPU
		{6A41A012-A551-4432-8E62-67603F73F28C}.Debug|x86.ActiveCfg = Debug|Any CPU
		{6A41A012-A551-4432-8E62-67603F73F28C}.Debug|x86.Build.0 = Debug|Any CPU
		{6A41A012-A551-4432-8E62-67603F73F28C}.Release|Any CPU.ActiveCfg = Release|Any CPU
		{6A41A012-A551-4432-8E62-67603F73F28C}.Release|Any CPU.Build.0 = Release|Any CPU
		{6A41A012-A551-4432-8E62-67603F73F28C}.Release|x64.ActiveCfg = Release|Any CPU
		{6A41A012-A551-4432-8E62-67603F73F28C}.Release|x64.Build.0 = Release|Any CPU
		{6A41A012-A551-4432-8E62-67603F73F28C}.Release|x86.ActiveCfg = Release|Any CPU
		{6A41A012-A551-4432-8E62-67603F73F28C}.Release|x86.Build.0 = Release|Any CPU
		{EE2533A3-8ADA-47F7-98D1-2518C7A30B9C}.Debug|Any CPU.ActiveCfg = Debug|Any CPU
		{EE2533A3-8ADA-47F7-98D1-2518C7A30B9C}.Debug|Any CPU.Build.0 = Debug|Any CPU
		{EE2533A3-8ADA-47F7-98D1-2518C7A30B9C}.Debug|x64.ActiveCfg = Debug|Any CPU
		{EE2533A3-8ADA-47F7-98D1-2518C7A30B9C}.Debug|x64.Build.0 = Debug|Any CPU
		{EE2533A3-8ADA-47F7-98D1-2518C7A30B9C}.Debug|x86.ActiveCfg = Debug|Any CPU
		{EE2533A3-8ADA-47F7-98D1-2518C7A30B9C}.Debug|x86.Build.0 = Debug|Any CPU
		{EE2533A3-8ADA-47F7-98D1-2518C7A30B9C}.Release|Any CPU.ActiveCfg = Release|Any CPU
		{EE2533A3-8ADA-47F7-98D1-2518C7A30B9C}.Release|Any CPU.Build.0 = Release|Any CPU
		{EE2533A3-8ADA-47F7-98D1-2518C7A30B9C}.Release|x64.ActiveCfg = Release|Any CPU
		{EE2533A3-8ADA-47F7-98D1-2518C7A30B9C}.Release|x64.Build.0 = Release|Any CPU
		{EE2533A3-8ADA-47F7-98D1-2518C7A30B9C}.Release|x86.ActiveCfg = Release|Any CPU
		{EE2533A3-8ADA-47F7-98D1-2518C7A30B9C}.Release|x86.Build.0 = Release|Any CPU
		{D96E448D-7DA7-46B3-BB9B-639E399ED27F}.Debug|Any CPU.ActiveCfg = Debug|Any CPU
		{D96E448D-7DA7-46B3-BB9B-639E399ED27F}.Debug|Any CPU.Build.0 = Debug|Any CPU
		{D96E448D-7DA7-46B3-BB9B-639E399ED27F}.Debug|x64.ActiveCfg = Debug|Any CPU
		{D96E448D-7DA7-46B3-BB9B-639E399ED27F}.Debug|x64.Build.0 = Debug|Any CPU
		{D96E448D-7DA7-46B3-BB9B-639E399ED27F}.Debug|x86.ActiveCfg = Debug|Any CPU
		{D96E448D-7DA7-46B3-BB9B-639E399ED27F}.Debug|x86.Build.0 = Debug|Any CPU
		{D96E448D-7DA7-46B3-BB9B-639E399ED27F}.Release|Any CPU.ActiveCfg = Release|Any CPU
		{D96E448D-7DA7-46B3-BB9B-639E399ED27F}.Release|Any CPU.Build.0 = Release|Any CPU
		{D96E448D-7DA7-46B3-BB9B-639E399ED27F}.Release|x64.ActiveCfg = Release|Any CPU
		{D96E448D-7DA7-46B3-BB9B-639E399ED27F}.Release|x64.Build.0 = Release|Any CPU
		{D96E448D-7DA7-46B3-BB9B-639E399ED27F}.Release|x86.ActiveCfg = Release|Any CPU
		{D96E448D-7DA7-46B3-BB9B-639E399ED27F}.Release|x86.Build.0 = Release|Any CPU
	EndGlobalSection
	GlobalSection(SolutionProperties) = preSolution
		HideSolutionNode = FALSE
	EndGlobalSection
	GlobalSection(NestedProjects) = preSolution
		{6A41A012-A551-4432-8E62-67603F73F28C} = {FDFCA951-9553-4EFC-BB5F-F19D8DBF926C}
		{EE2533A3-8ADA-47F7-98D1-2518C7A30B9C} = {FDFCA951-9553-4EFC-BB5F-F19D8DBF926C}
	EndGlobalSection
	GlobalSection(ExtensibilityGlobals) = postSolution
		SolutionGuid = {CD385B83-EFB9-4E5B-84BC-B50B21127651}
	EndGlobalSection
EndGlobal
